
Microsoft Visual Studio Solution File, Format Version 12.00
# Visual Studio Version 17
VisualStudioVersion = 17.3.32819.101
MinimumVisualStudioVersion = 10.0.40219.1
Project("{FAE04EC0-301F-11D3-BF4B-00C04F79EFBC}") = "CinemaTiket", "CinemaTiket\CinemaTiket.csproj", "{69AA9926-C43B-4813-8488-51E6EAB67C4A}"
EndProject
Global
	GlobalSection(SolutionConfigurationPlatforms) = preSolution
		Debug|Any CPU = Debug|Any CPU
		Release|Any CPU = Release|Any CPU
	EndGlobalSection
	GlobalSection(ProjectConfigurationPlatforms) = postSolution
		{69AA9926-C43B-4813-8488-51E6EAB67C4A}.Debug|Any CPU.ActiveCfg = Debug|Any CPU
		{69AA9926-C43B-4813-8488-51E6EAB67C4A}.Debug|Any CPU.Build.0 = Debug|Any CPU
		{69AA9926-C43B-4813-8488-51E6EAB67C4A}.Release|Any CPU.ActiveCfg = Release|Any CPU
		{69AA9926-C43B-4813-8488-51E6EAB67C4A}.Release|Any CPU.Build.0 = Release|Any CPU
	EndGlobalSection
	GlobalSection(SolutionProperties) = preSolution
		HideSolutionNode = FALSE
	EndGlobalSection
	GlobalSection(ExtensibilityGlobals) = postSolution
		SolutionGuid = {A60C15FD-90B7-4106-8891-D5B03850BE07}
	EndGlobalSection
EndGlobal
